
Microsoft Visual Studio Solution File, Format Version 12.00
# Visual Studio Version 17
VisualStudioVersion = 17.14.36414.22 d17.14
MinimumVisualStudioVersion = 10.0.40219.1
Project("{FAE04EC0-301F-11D3-BF4B-00C04F79EFBC}") = "1prak", "1prak\1prak.csproj", "{948A14AC-96C8-4E08-8CB2-E810F8C73F83}"
EndProject
Global
	GlobalSection(SolutionConfigurationPlatforms) = preSolution
		Debug|Any CPU = Debug|Any CPU
		Release|Any CPU = Release|Any CPU
	EndGlobalSection
	GlobalSection(ProjectConfigurationPlatforms) = postSolution
		{948A14AC-96C8-4E08-8CB2-E810F8C73F83}.Debug|Any CPU.ActiveCfg = Debug|Any CPU
		{948A14AC-96C8-4E08-8CB2-E810F8C73F83}.Debug|Any CPU.Build.0 = Debug|Any CPU
		{948A14AC-96C8-4E08-8CB2-E810F8C73F83}.Release|Any CPU.ActiveCfg = Release|Any CPU
		{948A14AC-96C8-4E08-8CB2-E810F8C73F83}.Release|Any CPU.Build.0 = Release|Any CPU
	EndGlobalSection
	GlobalSection(SolutionProperties) = preSolution
		HideSolutionNode = FALSE
	EndGlobalSection
	GlobalSection(ExtensibilityGlobals) = postSolution
		SolutionGuid = {497CDC97-462A-4DBF-AA59-4128EA319635}
	EndGlobalSection
EndGlobal
